// !$*UTF8*$!
{
	archiveVersion = 1;
	classes = {
	};
	objectVersion = 54;
	objects = {

/* Begin PBXBuildFile section */
		00E356F31AD99517003FC87E /* HyloReactNativeTests.m in Sources */ = {isa = PBXBuildFile; fileRef = 00E356F21AD99517003FC87E /* HyloReactNativeTests.m */; };
		026202985F894FECBEB14483 /* Circular-Bold.ttf in Resources */ = {isa = PBXBuildFile; fileRef = 424B542986F0407EBC606DAD /* Circular-Bold.ttf */; };
		046EBCC726CCFC1D008EE5CD /* release.xcconfig in Resources */ = {isa = PBXBuildFile; fileRef = 046EBCC526CCFC1D008EE5CD /* release.xcconfig */; };
		046EBCC826CCFC1D008EE5CD /* debug.xcconfig in Resources */ = {isa = PBXBuildFile; fileRef = 046EBCC626CCFC1D008EE5CD /* debug.xcconfig */; };
		047E7D7724F4C77C00A9668E /* Default-568h@2x.png in Resources */ = {isa = PBXBuildFile; fileRef = 047E7D7624F4C77C00A9668E /* Default-568h@2x.png */; };
		04928C2A26D81F03003D5C6F /* BootSplash.storyboard in Resources */ = {isa = PBXBuildFile; fileRef = 04928C2926D81F03003D5C6F /* BootSplash.storyboard */; };
		04BF1DE1248F357F00ECC3A2 /* NotificationService.swift in Sources */ = {isa = PBXBuildFile; fileRef = 04BF1DE0248F357F00ECC3A2 /* NotificationService.swift */; };
		04BF1DE5248F357F00ECC3A2 /* OneSignalNotificationServiceExtension.appex in Embed App Extensions */ = {isa = PBXBuildFile; fileRef = 04BF1DDE248F357F00ECC3A2 /* OneSignalNotificationServiceExtension.appex */; settings = {ATTRIBUTES = (RemoveHeadersOnCopy, ); }; };
		04C29B0628F8CF6D009A9FCD /* AppDelegate.mm in Sources */ = {isa = PBXBuildFile; fileRef = 04C29B0528F8CF6D009A9FCD /* AppDelegate.mm */; };
		04F54BA224F4D59500031D32 /* File.swift in Sources */ = {isa = PBXBuildFile; fileRef = 04F54BA124F4D59500031D32 /* File.swift */; };
		12DF135DDA5240B3BE9C9ED5 /* Circular-MediumItalic.ttf in Resources */ = {isa = PBXBuildFile; fileRef = AEEE5B8B897F4DCBBC0452B0 /* Circular-MediumItalic.ttf */; };
		13B07FBF1A68108700A75B9A /* Images.xcassets in Resources */ = {isa = PBXBuildFile; fileRef = 13B07FB51A68108700A75B9A /* Images.xcassets */; };
		13B07FC11A68108700A75B9A /* main.m in Sources */ = {isa = PBXBuildFile; fileRef = 13B07FB71A68108700A75B9A /* main.m */; };
		1FC1D83F47654BAFB0C9B45E /* Circular-BookItalic.ttf in Resources */ = {isa = PBXBuildFile; fileRef = F3ACB10FF738470A830BFED1 /* Circular-BookItalic.ttf */; };
		2A804B4D29AB42A8945C7445 /* Circular-Black.ttf in Resources */ = {isa = PBXBuildFile; fileRef = F7AB7DDF61374AE58096FCE8 /* Circular-Black.ttf */; };
		3365A71C313DC95BB2667AC3 /* libPods-HyloReactNative.a in Frameworks */ = {isa = PBXBuildFile; fileRef = 61312EF6E59BF64085B027BF /* libPods-HyloReactNative.a */; };
		3DBCEDB571264869809C3C05 /* Circular-Medium.ttf in Resources */ = {isa = PBXBuildFile; fileRef = 995AC51966ED47B09EBC10A5 /* Circular-Medium.ttf */; };
		43EE6D6E598A4552B6062E3A /* hylo-evo-icons.ttf in Resources */ = {isa = PBXBuildFile; fileRef = 8761286F5FF34598A810C0A7 /* hylo-evo-icons.ttf */; };
		56942157C8502164F77F54A8 /* libPods-OneSignalNotificationServiceExtension.a in Frameworks */ = {isa = PBXBuildFile; fileRef = 7A479B9E6E0928BCC453F150 /* libPods-OneSignalNotificationServiceExtension.a */; };
		5E2A1FC24426413997C13326 /* Colors.xcassets in Resources */ = {isa = PBXBuildFile; fileRef = 85D1A93043834C8EA026A3F4 /* Colors.xcassets */; };
		6473B41DA7624F5D8B9BA1E2 /* Circular-BlackItalic.ttf in Resources */ = {isa = PBXBuildFile; fileRef = C4D93958F51D4D5FBA5AB7C4 /* Circular-BlackItalic.ttf */; };
		6A58A373E4CA92F2F230BF72 /* PrivacyInfo.xcprivacy in Resources */ = {isa = PBXBuildFile; fileRef = 28DFAB284A05D276C3F6F905 /* PrivacyInfo.xcprivacy */; };
		7361C59D4E7232CB86E8B029 /* libPods-HyloReactNative-HyloReactNativeTests.a in Frameworks */ = {isa = PBXBuildFile; fileRef = 6BE07C4279C1EADA81C262FB /* libPods-HyloReactNative-HyloReactNativeTests.a */; };
		871D668B360442ED964EE3D2 /* Circular-Book.ttf in Resources */ = {isa = PBXBuildFile; fileRef = 132848DAF02E4203BC2960D5 /* Circular-Book.ttf */; };
		A7707633807C4690B665AFD9 /* Circular-BoldItalic.ttf in Resources */ = {isa = PBXBuildFile; fileRef = 38F55B6534E24B54AA299F61 /* Circular-BoldItalic.ttf */; };
		E9B180F52BFD9D8B006E1D94 /* Localizable.strings in Resources */ = {isa = PBXBuildFile; fileRef = E9B180F72BFD9D8B006E1D94 /* Localizable.strings */; };
/* End PBXBuildFile section */

/* Begin PBXContainerItemProxy section */
		00E356F41AD99517003FC87E /* PBXContainerItemProxy */ = {
			isa = PBXContainerItemProxy;
			containerPortal = 83CBB9F71A601CBA00E9B192 /* Project object */;
			proxyType = 1;
			remoteGlobalIDString = 13B07F861A680F5B00A75B9A;
			remoteInfo = HyloReactNative;
		};
		04BF1DE3248F357F00ECC3A2 /* PBXContainerItemProxy */ = {
			isa = PBXContainerItemProxy;
			containerPortal = 83CBB9F71A601CBA00E9B192 /* Project object */;
			proxyType = 1;
			remoteGlobalIDString = 04BF1DDD248F357F00ECC3A2;
			remoteInfo = OneSignalNotificationServiceExtension;
		};
/* End PBXContainerItemProxy section */

/* Begin PBXCopyFilesBuildPhase section */
		04BF1DE6248F357F00ECC3A2 /* Embed App Extensions */ = {
			isa = PBXCopyFilesBuildPhase;
			buildActionMask = 2147483647;
			dstPath = "";
			dstSubfolderSpec = 13;
			files = (
				04BF1DE5248F357F00ECC3A2 /* OneSignalNotificationServiceExtension.appex in Embed App Extensions */,
			);
			name = "Embed App Extensions";
			runOnlyForDeploymentPostprocessing = 0;
		};
/* End PBXCopyFilesBuildPhase section */

/* Begin PBXFileReference section */
		00E356EE1AD99517003FC87E /* HyloReactNativeTests.xctest */ = {isa = PBXFileReference; explicitFileType = wrapper.cfbundle; includeInIndex = 0; path = HyloReactNativeTests.xctest; sourceTree = BUILT_PRODUCTS_DIR; };
		00E356F11AD99517003FC87E /* Info.plist */ = {isa = PBXFileReference; lastKnownFileType = text.plist.xml; path = Info.plist; sourceTree = "<group>"; };
		00E356F21AD99517003FC87E /* HyloReactNativeTests.m */ = {isa = PBXFileReference; lastKnownFileType = sourcecode.c.objc; path = HyloReactNativeTests.m; sourceTree = "<group>"; };
		020FBB255010482BBBDDC4C2 /* FontAwesome.ttf */ = {isa = PBXFileReference; explicitFileType = undefined; fileEncoding = 9; includeInIndex = 0; lastKnownFileType = unknown; name = FontAwesome.ttf; path = ../assets/fonts/FontAwesome.ttf; sourceTree = "<group>"; };
		0401F47A248F311C002E45AC /* HyloReactNativeRelease.entitlements */ = {isa = PBXFileReference; lastKnownFileType = text.plist.entitlements; name = HyloReactNativeRelease.entitlements; path = HyloReactNative/HyloReactNativeRelease.entitlements; sourceTree = "<group>"; };
		0401F47B248F312A002E45AC /* HyloReactNative.entitlements */ = {isa = PBXFileReference; lastKnownFileType = text.plist.entitlements; name = HyloReactNative.entitlements; path = HyloReactNative/HyloReactNative.entitlements; sourceTree = "<group>"; };
		046CBD2626C41FC800793670 /* OneSignalNotificationServiceExtension.entitlements */ = {isa = PBXFileReference; lastKnownFileType = text.plist.entitlements; path = OneSignalNotificationServiceExtension.entitlements; sourceTree = "<group>"; };
		046EBCC526CCFC1D008EE5CD /* release.xcconfig */ = {isa = PBXFileReference; fileEncoding = 4; lastKnownFileType = text.xcconfig; path = release.xcconfig; sourceTree = "<group>"; };
		046EBCC626CCFC1D008EE5CD /* debug.xcconfig */ = {isa = PBXFileReference; fileEncoding = 4; lastKnownFileType = text.xcconfig; path = debug.xcconfig; sourceTree = "<group>"; };
		047E7D7624F4C77C00A9668E /* Default-568h@2x.png */ = {isa = PBXFileReference; lastKnownFileType = image.png; path = "Default-568h@2x.png"; sourceTree = "<group>"; };
		04928C2926D81F03003D5C6F /* BootSplash.storyboard */ = {isa = PBXFileReference; fileEncoding = 4; lastKnownFileType = file.storyboard; name = BootSplash.storyboard; path = HyloReactNative/BootSplash.storyboard; sourceTree = "<group>"; };
		04BF1DDE248F357F00ECC3A2 /* OneSignalNotificationServiceExtension.appex */ = {isa = PBXFileReference; explicitFileType = "wrapper.app-extension"; includeInIndex = 0; path = OneSignalNotificationServiceExtension.appex; sourceTree = BUILT_PRODUCTS_DIR; };
		04BF1DE0248F357F00ECC3A2 /* NotificationService.swift */ = {isa = PBXFileReference; lastKnownFileType = sourcecode.swift; path = NotificationService.swift; sourceTree = "<group>"; };
		04BF1DE2248F357F00ECC3A2 /* Info.plist */ = {isa = PBXFileReference; lastKnownFileType = text.plist.xml; path = Info.plist; sourceTree = "<group>"; };
		04C29B0528F8CF6D009A9FCD /* AppDelegate.mm */ = {isa = PBXFileReference; fileEncoding = 4; lastKnownFileType = sourcecode.cpp.objcpp; name = AppDelegate.mm; path = HyloReactNative/AppDelegate.mm; sourceTree = "<group>"; };
		04F54BA024F4D59400031D32 /* HyloReactNative-Bridging-Header.h */ = {isa = PBXFileReference; lastKnownFileType = sourcecode.c.h; path = "HyloReactNative-Bridging-Header.h"; sourceTree = "<group>"; };
		04F54BA124F4D59500031D32 /* File.swift */ = {isa = PBXFileReference; lastKnownFileType = sourcecode.swift; path = File.swift; sourceTree = "<group>"; };
		132848DAF02E4203BC2960D5 /* Circular-Book.ttf */ = {isa = PBXFileReference; explicitFileType = undefined; fileEncoding = 9; includeInIndex = 0; lastKnownFileType = unknown; name = "Circular-Book.ttf"; path = "../assets/fonts/Circular-Book.ttf"; sourceTree = "<group>"; };
		13B07F961A680F5B00A75B9A /* Hylo.app */ = {isa = PBXFileReference; explicitFileType = wrapper.application; includeInIndex = 0; path = Hylo.app; sourceTree = BUILT_PRODUCTS_DIR; };
		13B07FAF1A68108700A75B9A /* AppDelegate.h */ = {isa = PBXFileReference; fileEncoding = 4; lastKnownFileType = sourcecode.c.h; name = AppDelegate.h; path = HyloReactNative/AppDelegate.h; sourceTree = "<group>"; };
		13B07FB51A68108700A75B9A /* Images.xcassets */ = {isa = PBXFileReference; lastKnownFileType = folder.assetcatalog; name = Images.xcassets; path = HyloReactNative/Images.xcassets; sourceTree = "<group>"; };
		13B07FB61A68108700A75B9A /* Info.plist */ = {isa = PBXFileReference; fileEncoding = 4; lastKnownFileType = text.plist.xml; name = Info.plist; path = HyloReactNative/Info.plist; sourceTree = "<group>"; };
		13B07FB71A68108700A75B9A /* main.m */ = {isa = PBXFileReference; fileEncoding = 4; lastKnownFileType = sourcecode.c.objc; name = main.m; path = HyloReactNative/main.m; sourceTree = "<group>"; };
		13B07FB81A68108700A75B9A /* PrivacyInfo.xcprivacy */ = {isa = PBXFileReference; fileEncoding = 4; lastKnownFileType = text.plist.xml; name = PrivacyInfo.xcprivacy; path = HyloReactNative/PrivacyInfo.xcprivacy; sourceTree = "<group>"; };
		1F472486BCA1418E868E82C2 /* FontAwesome5_Regular.ttf */ = {isa = PBXFileReference; explicitFileType = undefined; fileEncoding = 9; includeInIndex = 0; lastKnownFileType = unknown; name = FontAwesome5_Regular.ttf; path = "../node_modules/react-native-vector-icons/Fonts/FontAwesome5_Regular.ttf"; sourceTree = "<group>"; };
		224D89DEBDBC758DC3E50B16 /* Pods-OneSignalNotificationServiceExtension.debug.xcconfig */ = {isa = PBXFileReference; includeInIndex = 1; lastKnownFileType = text.xcconfig; name = "Pods-OneSignalNotificationServiceExtension.debug.xcconfig"; path = "Target Support Files/Pods-OneSignalNotificationServiceExtension/Pods-OneSignalNotificationServiceExtension.debug.xcconfig"; sourceTree = "<group>"; };
		235ABA21FA7F4FAAA9CF862A /* MaterialIcons.ttf */ = {isa = PBXFileReference; explicitFileType = undefined; fileEncoding = 9; includeInIndex = 0; lastKnownFileType = unknown; name = MaterialIcons.ttf; path = ../assets/fonts/MaterialIcons.ttf; sourceTree = "<group>"; };
		267412614F67C3B0C7585BB7 /* Pods-HyloReactNative-HyloReactNativeTests.debug.xcconfig */ = {isa = PBXFileReference; includeInIndex = 1; lastKnownFileType = text.xcconfig; name = "Pods-HyloReactNative-HyloReactNativeTests.debug.xcconfig"; path = "Target Support Files/Pods-HyloReactNative-HyloReactNativeTests/Pods-HyloReactNative-HyloReactNativeTests.debug.xcconfig"; sourceTree = "<group>"; };
		28DFAB284A05D276C3F6F905 /* PrivacyInfo.xcprivacy */ = {isa = PBXFileReference; includeInIndex = 1; name = PrivacyInfo.xcprivacy; path = HyloReactNative/PrivacyInfo.xcprivacy; sourceTree = "<group>"; };
		38F55B6534E24B54AA299F61 /* Circular-BoldItalic.ttf */ = {isa = PBXFileReference; explicitFileType = undefined; fileEncoding = 9; includeInIndex = 0; lastKnownFileType = unknown; name = "Circular-BoldItalic.ttf"; path = "../assets/fonts/Circular-BoldItalic.ttf"; sourceTree = "<group>"; };
		399E54B6ABC54C91AA36D03B /* Feather.ttf */ = {isa = PBXFileReference; explicitFileType = undefined; fileEncoding = 9; includeInIndex = 0; lastKnownFileType = unknown; name = Feather.ttf; path = ../assets/fonts/Feather.ttf; sourceTree = "<group>"; };
		3A294BD5EFF9C2C00DFE6075 /* Pods-HyloReactNative.debug.xcconfig */ = {isa = PBXFileReference; includeInIndex = 1; lastKnownFileType = text.xcconfig; name = "Pods-HyloReactNative.debug.xcconfig"; path = "Target Support Files/Pods-HyloReactNative/Pods-HyloReactNative.debug.xcconfig"; sourceTree = "<group>"; };
		424B542986F0407EBC606DAD /* Circular-Bold.ttf */ = {isa = PBXFileReference; explicitFileType = undefined; fileEncoding = 9; includeInIndex = 0; lastKnownFileType = unknown; name = "Circular-Bold.ttf"; path = "../assets/fonts/Circular-Bold.ttf"; sourceTree = "<group>"; };
		45868A47B7534CC69DAE81F8 /* MaterialCommunityIcons.ttf */ = {isa = PBXFileReference; explicitFileType = undefined; fileEncoding = 9; includeInIndex = 0; lastKnownFileType = unknown; name = MaterialCommunityIcons.ttf; path = ../assets/fonts/MaterialCommunityIcons.ttf; sourceTree = "<group>"; };
		4CC5B89951114076879B1C07 /* Fontisto.ttf */ = {isa = PBXFileReference; explicitFileType = undefined; fileEncoding = 9; includeInIndex = 0; lastKnownFileType = unknown; name = Fontisto.ttf; path = "../node_modules/react-native-vector-icons/Fonts/Fontisto.ttf"; sourceTree = "<group>"; };
		5EE045D044C55A75EF7E2095 /* Pods-OneSignalNotificationServiceExtension.release.xcconfig */ = {isa = PBXFileReference; includeInIndex = 1; lastKnownFileType = text.xcconfig; name = "Pods-OneSignalNotificationServiceExtension.release.xcconfig"; path = "Target Support Files/Pods-OneSignalNotificationServiceExtension/Pods-OneSignalNotificationServiceExtension.release.xcconfig"; sourceTree = "<group>"; };
		61312EF6E59BF64085B027BF /* libPods-HyloReactNative.a */ = {isa = PBXFileReference; explicitFileType = archive.ar; includeInIndex = 0; path = "libPods-HyloReactNative.a"; sourceTree = BUILT_PRODUCTS_DIR; };
		66B892497C954574886DBD13 /* AntDesign.ttf */ = {isa = PBXFileReference; explicitFileType = undefined; fileEncoding = 9; includeInIndex = 0; lastKnownFileType = unknown; name = AntDesign.ttf; path = "../node_modules/react-native-vector-icons/Fonts/AntDesign.ttf"; sourceTree = "<group>"; };
		6BE07C4279C1EADA81C262FB /* libPods-HyloReactNative-HyloReactNativeTests.a */ = {isa = PBXFileReference; explicitFileType = archive.ar; includeInIndex = 0; path = "libPods-HyloReactNative-HyloReactNativeTests.a"; sourceTree = BUILT_PRODUCTS_DIR; };
		6E48881C7A1CCC8C515F67A7 /* Pods-HyloReactNative.release.xcconfig */ = {isa = PBXFileReference; includeInIndex = 1; lastKnownFileType = text.xcconfig; name = "Pods-HyloReactNative.release.xcconfig"; path = "Target Support Files/Pods-HyloReactNative/Pods-HyloReactNative.release.xcconfig"; sourceTree = "<group>"; };
		74B41D4024D34ADC81198EFB /* FontAwesome5_Solid.ttf */ = {isa = PBXFileReference; explicitFileType = undefined; fileEncoding = 9; includeInIndex = 0; lastKnownFileType = unknown; name = FontAwesome5_Solid.ttf; path = "../node_modules/react-native-vector-icons/Fonts/FontAwesome5_Solid.ttf"; sourceTree = "<group>"; };
		7A479B9E6E0928BCC453F150 /* libPods-OneSignalNotificationServiceExtension.a */ = {isa = PBXFileReference; explicitFileType = archive.ar; includeInIndex = 0; path = "libPods-OneSignalNotificationServiceExtension.a"; sourceTree = BUILT_PRODUCTS_DIR; };
		85D1A93043834C8EA026A3F4 /* Colors.xcassets */ = {isa = PBXFileReference; explicitFileType = undefined; fileEncoding = undefined; includeInIndex = 0; lastKnownFileType = folder.assetcatalog; name = Colors.xcassets; path = HyloReactNative/Colors.xcassets; sourceTree = "<group>"; };
		8761286F5FF34598A810C0A7 /* hylo-evo-icons.ttf */ = {isa = PBXFileReference; explicitFileType = undefined; fileEncoding = 9; includeInIndex = 0; lastKnownFileType = unknown; name = "hylo-evo-icons.ttf"; path = "../assets/fonts/hylo-evo-icons.ttf"; sourceTree = "<group>"; };
		8CA9549025514EB1BF681585 /* SimpleLineIcons.ttf */ = {isa = PBXFileReference; explicitFileType = undefined; fileEncoding = 9; includeInIndex = 0; lastKnownFileType = unknown; name = SimpleLineIcons.ttf; path = ../assets/fonts/SimpleLineIcons.ttf; sourceTree = "<group>"; };
		995AC51966ED47B09EBC10A5 /* Circular-Medium.ttf */ = {isa = PBXFileReference; explicitFileType = undefined; fileEncoding = 9; includeInIndex = 0; lastKnownFileType = unknown; name = "Circular-Medium.ttf"; path = "../assets/fonts/Circular-Medium.ttf"; sourceTree = "<group>"; };
		A7256AEF0CA44302B949BF57 /* FontAwesome5_Brands.ttf */ = {isa = PBXFileReference; explicitFileType = undefined; fileEncoding = 9; includeInIndex = 0; lastKnownFileType = unknown; name = FontAwesome5_Brands.ttf; path = "../node_modules/react-native-vector-icons/Fonts/FontAwesome5_Brands.ttf"; sourceTree = "<group>"; };
		AEEE5B8B897F4DCBBC0452B0 /* Circular-MediumItalic.ttf */ = {isa = PBXFileReference; explicitFileType = undefined; fileEncoding = 9; includeInIndex = 0; lastKnownFileType = unknown; name = "Circular-MediumItalic.ttf"; path = "../assets/fonts/Circular-MediumItalic.ttf"; sourceTree = "<group>"; };
		AF1AD64B795F4FC8BECB30F6 /* Foundation.ttf */ = {isa = PBXFileReference; explicitFileType = undefined; fileEncoding = 9; includeInIndex = 0; lastKnownFileType = unknown; name = Foundation.ttf; path = ../assets/fonts/Foundation.ttf; sourceTree = "<group>"; };
		B64D51FB16294FEAB0E4EA0B /* Entypo.ttf */ = {isa = PBXFileReference; explicitFileType = undefined; fileEncoding = 9; includeInIndex = 0; lastKnownFileType = unknown; name = Entypo.ttf; path = ../assets/fonts/Entypo.ttf; sourceTree = "<group>"; };
		BCB6A8B3031B4206AB9BB066 /* Zocial.ttf */ = {isa = PBXFileReference; explicitFileType = undefined; fileEncoding = 9; includeInIndex = 0; lastKnownFileType = unknown; name = Zocial.ttf; path = ../assets/fonts/Zocial.ttf; sourceTree = "<group>"; };
		C412B0FC10E318FB918BF772 /* Pods-HyloReactNative-HyloReactNativeTests.release.xcconfig */ = {isa = PBXFileReference; includeInIndex = 1; lastKnownFileType = text.xcconfig; name = "Pods-HyloReactNative-HyloReactNativeTests.release.xcconfig"; path = "Target Support Files/Pods-HyloReactNative-HyloReactNativeTests/Pods-HyloReactNative-HyloReactNativeTests.release.xcconfig"; sourceTree = "<group>"; };
		C49A433D83C6448A9E45D6D7 /* EvilIcons.ttf */ = {isa = PBXFileReference; explicitFileType = undefined; fileEncoding = 9; includeInIndex = 0; lastKnownFileType = unknown; name = EvilIcons.ttf; path = ../assets/fonts/EvilIcons.ttf; sourceTree = "<group>"; };
		C4D93958F51D4D5FBA5AB7C4 /* Circular-BlackItalic.ttf */ = {isa = PBXFileReference; explicitFileType = undefined; fileEncoding = 9; includeInIndex = 0; lastKnownFileType = unknown; name = "Circular-BlackItalic.ttf"; path = "../assets/fonts/Circular-BlackItalic.ttf"; sourceTree = "<group>"; };
		D7F9F56B416841F59EB18D68 /* Ionicons.ttf */ = {isa = PBXFileReference; explicitFileType = undefined; fileEncoding = 9; includeInIndex = 0; lastKnownFileType = unknown; name = Ionicons.ttf; path = ../assets/fonts/Ionicons.ttf; sourceTree = "<group>"; };
		E9B180F62BFD9D8B006E1D94 /* en */ = {isa = PBXFileReference; lastKnownFileType = text.plist.strings; name = en; path = en.lproj/Localizable.strings; sourceTree = "<group>"; };
		EC1A1FAA5BE04FE0BBD7E198 /* Octicons.ttf */ = {isa = PBXFileReference; explicitFileType = undefined; fileEncoding = 9; includeInIndex = 0; lastKnownFileType = unknown; name = Octicons.ttf; path = ../assets/fonts/Octicons.ttf; sourceTree = "<group>"; };
		ED297162215061F000B7C4FE /* JavaScriptCore.framework */ = {isa = PBXFileReference; lastKnownFileType = wrapper.framework; name = JavaScriptCore.framework; path = System/Library/Frameworks/JavaScriptCore.framework; sourceTree = SDKROOT; };
		ED2971642150620600B7C4FE /* JavaScriptCore.framework */ = {isa = PBXFileReference; lastKnownFileType = wrapper.framework; name = JavaScriptCore.framework; path = Platforms/AppleTVOS.platform/Developer/SDKs/AppleTVOS12.0.sdk/System/Library/Frameworks/JavaScriptCore.framework; sourceTree = DEVELOPER_DIR; };
		F3ACB10FF738470A830BFED1 /* Circular-BookItalic.ttf */ = {isa = PBXFileReference; explicitFileType = undefined; fileEncoding = 9; includeInIndex = 0; lastKnownFileType = unknown; name = "Circular-BookItalic.ttf"; path = "../assets/fonts/Circular-BookItalic.ttf"; sourceTree = "<group>"; };
		F7AB7DDF61374AE58096FCE8 /* Circular-Black.ttf */ = {isa = PBXFileReference; explicitFileType = undefined; fileEncoding = 9; includeInIndex = 0; lastKnownFileType = unknown; name = "Circular-Black.ttf"; path = "../assets/fonts/Circular-Black.ttf"; sourceTree = "<group>"; };
/* End PBXFileReference section */

/* Begin PBXFrameworksBuildPhase section */
		00E356EB1AD99517003FC87E /* Frameworks */ = {
			isa = PBXFrameworksBuildPhase;
			buildActionMask = 2147483647;
			files = (
				7361C59D4E7232CB86E8B029 /* libPods-HyloReactNative-HyloReactNativeTests.a in Frameworks */,
			);
			runOnlyForDeploymentPostprocessing = 0;
		};
		04BF1DDB248F357F00ECC3A2 /* Frameworks */ = {
			isa = PBXFrameworksBuildPhase;
			buildActionMask = 2147483647;
			files = (
				56942157C8502164F77F54A8 /* libPods-OneSignalNotificationServiceExtension.a in Frameworks */,
			);
			runOnlyForDeploymentPostprocessing = 0;
		};
		13B07F8C1A680F5B00A75B9A /* Frameworks */ = {
			isa = PBXFrameworksBuildPhase;
			buildActionMask = 2147483647;
			files = (
				3365A71C313DC95BB2667AC3 /* libPods-HyloReactNative.a in Frameworks */,
			);
			runOnlyForDeploymentPostprocessing = 0;
		};
/* End PBXFrameworksBuildPhase section */

/* Begin PBXGroup section */
		00E356EF1AD99517003FC87E /* HyloReactNativeTests */ = {
			isa = PBXGroup;
			children = (
				00E356F21AD99517003FC87E /* HyloReactNativeTests.m */,
				00E356F01AD99517003FC87E /* Supporting Files */,
			);
			path = HyloReactNativeTests;
			sourceTree = "<group>";
		};
		00E356F01AD99517003FC87E /* Supporting Files */ = {
			isa = PBXGroup;
			children = (
				00E356F11AD99517003FC87E /* Info.plist */,
			);
			name = "Supporting Files";
			sourceTree = "<group>";
		};
		04BF1DDF248F357F00ECC3A2 /* OneSignalNotificationServiceExtension */ = {
			isa = PBXGroup;
			children = (
				046CBD2626C41FC800793670 /* OneSignalNotificationServiceExtension.entitlements */,
				04BF1DE0248F357F00ECC3A2 /* NotificationService.swift */,
				04BF1DE2248F357F00ECC3A2 /* Info.plist */,
			);
			path = OneSignalNotificationServiceExtension;
			sourceTree = "<group>";
		};
		13B07FAE1A68108700A75B9A /* HyloReactNative */ = {
			isa = PBXGroup;
			children = (
				046EBCC626CCFC1D008EE5CD /* debug.xcconfig */,
				046EBCC526CCFC1D008EE5CD /* release.xcconfig */,
				0401F47B248F312A002E45AC /* HyloReactNative.entitlements */,
				0401F47A248F311C002E45AC /* HyloReactNativeRelease.entitlements */,
				13B07FAF1A68108700A75B9A /* AppDelegate.h */,
				04C29B0528F8CF6D009A9FCD /* AppDelegate.mm */,
				13B07FB51A68108700A75B9A /* Images.xcassets */,
				13B07FB61A68108700A75B9A /* Info.plist */,
				13B07FB71A68108700A75B9A /* main.m */,
				13B07FB81A68108700A75B9A /* PrivacyInfo.xcprivacy */,
				04F54BA124F4D59500031D32 /* File.swift */,
				04F54BA024F4D59400031D32 /* HyloReactNative-Bridging-Header.h */,
				04928C2926D81F03003D5C6F /* BootSplash.storyboard */,
				28DFAB284A05D276C3F6F905 /* PrivacyInfo.xcprivacy */,
				85D1A93043834C8EA026A3F4 /* Colors.xcassets */,
			);
			name = HyloReactNative;
			sourceTree = "<group>";
		};
		1626E6AB2BC44E4E2D32CB96 /* Pods */ = {
			isa = PBXGroup;
			children = (
				3A294BD5EFF9C2C00DFE6075 /* Pods-HyloReactNative.debug.xcconfig */,
				6E48881C7A1CCC8C515F67A7 /* Pods-HyloReactNative.release.xcconfig */,
				267412614F67C3B0C7585BB7 /* Pods-HyloReactNative-HyloReactNativeTests.debug.xcconfig */,
				C412B0FC10E318FB918BF772 /* Pods-HyloReactNative-HyloReactNativeTests.release.xcconfig */,
				224D89DEBDBC758DC3E50B16 /* Pods-OneSignalNotificationServiceExtension.debug.xcconfig */,
				5EE045D044C55A75EF7E2095 /* Pods-OneSignalNotificationServiceExtension.release.xcconfig */,
			);
			path = Pods;
			sourceTree = "<group>";
		};
		2D16E6871FA4F8E400B85C8A /* Frameworks */ = {
			isa = PBXGroup;
			children = (
				ED297162215061F000B7C4FE /* JavaScriptCore.framework */,
				ED2971642150620600B7C4FE /* JavaScriptCore.framework */,
				61312EF6E59BF64085B027BF /* libPods-HyloReactNative.a */,
				6BE07C4279C1EADA81C262FB /* libPods-HyloReactNative-HyloReactNativeTests.a */,
				7A479B9E6E0928BCC453F150 /* libPods-OneSignalNotificationServiceExtension.a */,
			);
			name = Frameworks;
			sourceTree = "<group>";
		};
		832341AE1AAA6A7D00B99B32 /* Libraries */ = {
			isa = PBXGroup;
			children = (
			);
			name = Libraries;
			sourceTree = "<group>";
		};
		83CBB9F61A601CBA00E9B192 = {
			isa = PBXGroup;
			children = (
				047E7D7624F4C77C00A9668E /* Default-568h@2x.png */,
				13B07FAE1A68108700A75B9A /* HyloReactNative */,
				832341AE1AAA6A7D00B99B32 /* Libraries */,
				00E356EF1AD99517003FC87E /* HyloReactNativeTests */,
				04BF1DDF248F357F00ECC3A2 /* OneSignalNotificationServiceExtension */,
				83CBBA001A601CBA00E9B192 /* Products */,
				2D16E6871FA4F8E400B85C8A /* Frameworks */,
				1626E6AB2BC44E4E2D32CB96 /* Pods */,
				F2AC2F9F21624F0EAA048CF7 /* Resources */,
			);
			indentWidth = 2;
			sourceTree = "<group>";
			tabWidth = 2;
			usesTabs = 0;
		};
		83CBBA001A601CBA00E9B192 /* Products */ = {
			isa = PBXGroup;
			children = (
				13B07F961A680F5B00A75B9A /* Hylo.app */,
				00E356EE1AD99517003FC87E /* HyloReactNativeTests.xctest */,
				04BF1DDE248F357F00ECC3A2 /* OneSignalNotificationServiceExtension.appex */,
			);
			name = Products;
			sourceTree = "<group>";
		};
		F2AC2F9F21624F0EAA048CF7 /* Resources */ = {
			isa = PBXGroup;
			children = (
				F7AB7DDF61374AE58096FCE8 /* Circular-Black.ttf */,
				C4D93958F51D4D5FBA5AB7C4 /* Circular-BlackItalic.ttf */,
				424B542986F0407EBC606DAD /* Circular-Bold.ttf */,
				38F55B6534E24B54AA299F61 /* Circular-BoldItalic.ttf */,
				132848DAF02E4203BC2960D5 /* Circular-Book.ttf */,
				F3ACB10FF738470A830BFED1 /* Circular-BookItalic.ttf */,
				995AC51966ED47B09EBC10A5 /* Circular-Medium.ttf */,
				AEEE5B8B897F4DCBBC0452B0 /* Circular-MediumItalic.ttf */,
				B64D51FB16294FEAB0E4EA0B /* Entypo.ttf */,
				C49A433D83C6448A9E45D6D7 /* EvilIcons.ttf */,
				399E54B6ABC54C91AA36D03B /* Feather.ttf */,
				020FBB255010482BBBDDC4C2 /* FontAwesome.ttf */,
				AF1AD64B795F4FC8BECB30F6 /* Foundation.ttf */,
				8761286F5FF34598A810C0A7 /* hylo-evo-icons.ttf */,
				D7F9F56B416841F59EB18D68 /* Ionicons.ttf */,
				45868A47B7534CC69DAE81F8 /* MaterialCommunityIcons.ttf */,
				235ABA21FA7F4FAAA9CF862A /* MaterialIcons.ttf */,
				EC1A1FAA5BE04FE0BBD7E198 /* Octicons.ttf */,
				8CA9549025514EB1BF681585 /* SimpleLineIcons.ttf */,
				BCB6A8B3031B4206AB9BB066 /* Zocial.ttf */,
				66B892497C954574886DBD13 /* AntDesign.ttf */,
				A7256AEF0CA44302B949BF57 /* FontAwesome5_Brands.ttf */,
				1F472486BCA1418E868E82C2 /* FontAwesome5_Regular.ttf */,
				74B41D4024D34ADC81198EFB /* FontAwesome5_Solid.ttf */,
				4CC5B89951114076879B1C07 /* Fontisto.ttf */,
				E9B180F72BFD9D8B006E1D94 /* Localizable.strings */,
			);
			name = Resources;
			sourceTree = "<group>";
		};
/* End PBXGroup section */

/* Begin PBXNativeTarget section */
		00E356ED1AD99517003FC87E /* HyloReactNativeTests */ = {
			isa = PBXNativeTarget;
			buildConfigurationList = 00E357021AD99517003FC87E /* Build configuration list for PBXNativeTarget "HyloReactNativeTests" */;
			buildPhases = (
				F07E8A646E94F632BF6ADF2B /* [CP] Check Pods Manifest.lock */,
				00E356EA1AD99517003FC87E /* Sources */,
				00E356EB1AD99517003FC87E /* Frameworks */,
				00E356EC1AD99517003FC87E /* Resources */,
				7255A18A106B63F9F49E6103 /* [CP] Embed Pods Frameworks */,
				C216E156472395B26D1D476B /* [CP] Copy Pods Resources */,
			);
			buildRules = (
			);
			dependencies = (
				00E356F51AD99517003FC87E /* PBXTargetDependency */,
			);
			name = HyloReactNativeTests;
			productName = HyloReactNativeTests;
			productReference = 00E356EE1AD99517003FC87E /* HyloReactNativeTests.xctest */;
			productType = "com.apple.product-type.bundle.unit-test";
		};
		04BF1DDD248F357F00ECC3A2 /* OneSignalNotificationServiceExtension */ = {
			isa = PBXNativeTarget;
			buildConfigurationList = 04BF1DE9248F357F00ECC3A2 /* Build configuration list for PBXNativeTarget "OneSignalNotificationServiceExtension" */;
			buildPhases = (
				EE0065E30AC09D19699A3D24 /* [CP] Check Pods Manifest.lock */,
				04BF1DDA248F357F00ECC3A2 /* Sources */,
				04BF1DDB248F357F00ECC3A2 /* Frameworks */,
				04BF1DDC248F357F00ECC3A2 /* Resources */,
			);
			buildRules = (
			);
			dependencies = (
			);
			name = OneSignalNotificationServiceExtension;
			productName = OneSignalNotificationServiceExtension;
			productReference = 04BF1DDE248F357F00ECC3A2 /* OneSignalNotificationServiceExtension.appex */;
			productType = "com.apple.product-type.app-extension";
		};
		13B07F861A680F5B00A75B9A /* HyloReactNative */ = {
			isa = PBXNativeTarget;
			buildConfigurationList = 13B07F931A680F5B00A75B9A /* Build configuration list for PBXNativeTarget "HyloReactNative" */;
			buildPhases = (
				C97813FA92A2705DBC209ADC /* [CP] Check Pods Manifest.lock */,
				13B07F871A680F5B00A75B9A /* Sources */,
				13B07F8C1A680F5B00A75B9A /* Frameworks */,
				13B07F8E1A680F5B00A75B9A /* Resources */,
				00DD1BFF1BD5951E006B06BC /* Bundle React Native code and images */,
				92F5E1BF9CAB4A989AA6E47F /* Upload Debug Symbols to Sentry */,
				04BF1DE6248F357F00ECC3A2 /* Embed App Extensions */,
				CE8B9EDE4DAF87167EED981E /* [CP] Embed Pods Frameworks */,
				E87EE24D7B9F3B7F9567D8F8 /* [CP] Copy Pods Resources */,
			);
			buildRules = (
			);
			dependencies = (
				04BF1DE4248F357F00ECC3A2 /* PBXTargetDependency */,
			);
			name = HyloReactNative;
			productName = HyloReactNative;
			productReference = 13B07F961A680F5B00A75B9A /* Hylo.app */;
			productType = "com.apple.product-type.application";
		};
/* End PBXNativeTarget section */

/* Begin PBXProject section */
		83CBB9F71A601CBA00E9B192 /* Project object */ = {
			isa = PBXProject;
			attributes = {
				LastSwiftUpdateCheck = 1150;
				LastUpgradeCheck = 1250;
				ORGANIZATIONNAME = Facebook;
				TargetAttributes = {
					00E356ED1AD99517003FC87E = {
						CreatedOnToolsVersion = 6.2;
						TestTargetID = 13B07F861A680F5B00A75B9A;
					};
					04BF1DDD248F357F00ECC3A2 = {
						CreatedOnToolsVersion = 11.5;
					};
					13B07F861A680F5B00A75B9A = {
						LastSwiftMigration = 1160;
					};
				};
			};
			buildConfigurationList = 83CBB9FA1A601CBA00E9B192 /* Build configuration list for PBXProject "HyloReactNative" */;
			compatibilityVersion = "Xcode 12.0";
			developmentRegion = English;
			hasScannedForEncodings = 0;
			knownRegions = (
				English,
				en,
				Base,
				es,
			);
			mainGroup = 83CBB9F61A601CBA00E9B192;
			productRefGroup = 83CBBA001A601CBA00E9B192 /* Products */;
			projectDirPath = "";
			projectRoot = "";
			targets = (
				13B07F861A680F5B00A75B9A /* HyloReactNative */,
				00E356ED1AD99517003FC87E /* HyloReactNativeTests */,
				04BF1DDD248F357F00ECC3A2 /* OneSignalNotificationServiceExtension */,
			);
		};
/* End PBXProject section */

/* Begin PBXResourcesBuildPhase section */
		00E356EC1AD99517003FC87E /* Resources */ = {
			isa = PBXResourcesBuildPhase;
			buildActionMask = 2147483647;
			files = (
			);
			runOnlyForDeploymentPostprocessing = 0;
		};
		04BF1DDC248F357F00ECC3A2 /* Resources */ = {
			isa = PBXResourcesBuildPhase;
			buildActionMask = 2147483647;
			files = (
			);
			runOnlyForDeploymentPostprocessing = 0;
		};
		13B07F8E1A680F5B00A75B9A /* Resources */ = {
			isa = PBXResourcesBuildPhase;
			buildActionMask = 2147483647;
			files = (
				13B07FBF1A68108700A75B9A /* Images.xcassets in Resources */,
				046EBCC726CCFC1D008EE5CD /* release.xcconfig in Resources */,
				2A804B4D29AB42A8945C7445 /* Circular-Black.ttf in Resources */,
				6473B41DA7624F5D8B9BA1E2 /* Circular-BlackItalic.ttf in Resources */,
				026202985F894FECBEB14483 /* Circular-Bold.ttf in Resources */,
				047E7D7724F4C77C00A9668E /* Default-568h@2x.png in Resources */,
				A7707633807C4690B665AFD9 /* Circular-BoldItalic.ttf in Resources */,
				871D668B360442ED964EE3D2 /* Circular-Book.ttf in Resources */,
				1FC1D83F47654BAFB0C9B45E /* Circular-BookItalic.ttf in Resources */,
				3DBCEDB571264869809C3C05 /* Circular-Medium.ttf in Resources */,
				E9B180F52BFD9D8B006E1D94 /* Localizable.strings in Resources */,
				12DF135DDA5240B3BE9C9ED5 /* Circular-MediumItalic.ttf in Resources */,
				046EBCC826CCFC1D008EE5CD /* debug.xcconfig in Resources */,
				43EE6D6E598A4552B6062E3A /* hylo-evo-icons.ttf in Resources */,
				04928C2A26D81F03003D5C6F /* BootSplash.storyboard in Resources */,
				6A58A373E4CA92F2F230BF72 /* PrivacyInfo.xcprivacy in Resources */,
				5E2A1FC24426413997C13326 /* Colors.xcassets in Resources */,
			);
			runOnlyForDeploymentPostprocessing = 0;
		};
/* End PBXResourcesBuildPhase section */

/* Begin PBXShellScriptBuildPhase section */
		00DD1BFF1BD5951E006B06BC /* Bundle React Native code and images */ = {
			isa = PBXShellScriptBuildPhase;
			buildActionMask = 2147483647;
			files = (
			);
			inputPaths = (
				"$(SRCROOT)/.xcode.env.local",
				"$(SRCROOT)/.xcode.env",
			);
			name = "Bundle React Native code and images";
			outputPaths = (
			);
			runOnlyForDeploymentPostprocessing = 0;
			shellPath = /bin/sh;
			shellScript = "set -e\n\nWITH_ENVIRONMENT=\"$REACT_NATIVE_PATH/scripts/xcode/with-environment.sh\"\nREACT_NATIVE_XCODE=\"$REACT_NATIVE_PATH/scripts/react-native-xcode.sh\"\nSENTRY_XCODE=\"../node_modules/@sentry/react-native/scripts/sentry-xcode.sh\"\nBUNDLE_REACT_NATIVE=\"/bin/sh $SENTRY_XCODE $REACT_NATIVE_XCODE\"\n\n# Note: Modified slighly from Sentry setup instructions to use a single quote instead\n# of an escaped double quote to avoid a parsing issue with react-native-version. Should\n# create the same result: \n/bin/sh -c \"$WITH_ENVIRONMENT '$BUNDLE_REACT_NATIVE'\"\n";
		};
		7255A18A106B63F9F49E6103 /* [CP] Embed Pods Frameworks */ = {
			isa = PBXShellScriptBuildPhase;
			buildActionMask = 2147483647;
			files = (
			);
			inputFileListPaths = (
				"${PODS_ROOT}/Target Support Files/Pods-HyloReactNative-HyloReactNativeTests/Pods-HyloReactNative-HyloReactNativeTests-frameworks-${CONFIGURATION}-input-files.xcfilelist",
			);
			name = "[CP] Embed Pods Frameworks";
			outputFileListPaths = (
				"${PODS_ROOT}/Target Support Files/Pods-HyloReactNative-HyloReactNativeTests/Pods-HyloReactNative-HyloReactNativeTests-frameworks-${CONFIGURATION}-output-files.xcfilelist",
			);
			runOnlyForDeploymentPostprocessing = 0;
			shellPath = /bin/sh;
			shellScript = "\"${PODS_ROOT}/Target Support Files/Pods-HyloReactNative-HyloReactNativeTests/Pods-HyloReactNative-HyloReactNativeTests-frameworks.sh\"\n";
			showEnvVarsInLog = 0;
		};
		92F5E1BF9CAB4A989AA6E47F /* Upload Debug Symbols to Sentry */ = {
			isa = PBXShellScriptBuildPhase;
			buildActionMask = 2147483647;
			files = (
			);
			inputPaths = (
			);
			name = "Upload Debug Symbols to Sentry";
			outputPaths = (
			);
			runOnlyForDeploymentPostprocessing = 0;
			shellPath = /bin/sh;
			shellScript = "/bin/sh ../node_modules/@sentry/react-native/scripts/sentry-xcode-debug-files.sh\n";
		};
		C216E156472395B26D1D476B /* [CP] Copy Pods Resources */ = {
			isa = PBXShellScriptBuildPhase;
			buildActionMask = 2147483647;
			files = (
			);
			inputFileListPaths = (
				"${PODS_ROOT}/Target Support Files/Pods-HyloReactNative-HyloReactNativeTests/Pods-HyloReactNative-HyloReactNativeTests-resources-${CONFIGURATION}-input-files.xcfilelist",
			);
			name = "[CP] Copy Pods Resources";
			outputFileListPaths = (
				"${PODS_ROOT}/Target Support Files/Pods-HyloReactNative-HyloReactNativeTests/Pods-HyloReactNative-HyloReactNativeTests-resources-${CONFIGURATION}-output-files.xcfilelist",
			);
			runOnlyForDeploymentPostprocessing = 0;
			shellPath = /bin/sh;
			shellScript = "\"${PODS_ROOT}/Target Support Files/Pods-HyloReactNative-HyloReactNativeTests/Pods-HyloReactNative-HyloReactNativeTests-resources.sh\"\n";
			showEnvVarsInLog = 0;
		};
		C97813FA92A2705DBC209ADC /* [CP] Check Pods Manifest.lock */ = {
			isa = PBXShellScriptBuildPhase;
			buildActionMask = 2147483647;
			files = (
			);
			inputFileListPaths = (
			);
			inputPaths = (
				"${PODS_PODFILE_DIR_PATH}/Podfile.lock",
				"${PODS_ROOT}/Manifest.lock",
			);
			name = "[CP] Check Pods Manifest.lock";
			outputFileListPaths = (
			);
			outputPaths = (
				"$(DERIVED_FILE_DIR)/Pods-HyloReactNative-checkManifestLockResult.txt",
			);
			runOnlyForDeploymentPostprocessing = 0;
			shellPath = /bin/sh;
			shellScript = "diff \"${PODS_PODFILE_DIR_PATH}/Podfile.lock\" \"${PODS_ROOT}/Manifest.lock\" > /dev/null\nif [ $? != 0 ] ; then\n    # print error to STDERR\n    echo \"error: The sandbox is not in sync with the Podfile.lock. Run 'pod install' or update your CocoaPods installation.\" >&2\n    exit 1\nfi\n# This output is used by Xcode 'outputs' to avoid re-running this script phase.\necho \"SUCCESS\" > \"${SCRIPT_OUTPUT_FILE_0}\"\n";
			showEnvVarsInLog = 0;
		};
		CE8B9EDE4DAF87167EED981E /* [CP] Embed Pods Frameworks */ = {
			isa = PBXShellScriptBuildPhase;
			buildActionMask = 2147483647;
			files = (
			);
			inputFileListPaths = (
				"${PODS_ROOT}/Target Support Files/Pods-HyloReactNative/Pods-HyloReactNative-frameworks-${CONFIGURATION}-input-files.xcfilelist",
			);
			name = "[CP] Embed Pods Frameworks";
			outputFileListPaths = (
				"${PODS_ROOT}/Target Support Files/Pods-HyloReactNative/Pods-HyloReactNative-frameworks-${CONFIGURATION}-output-files.xcfilelist",
			);
			runOnlyForDeploymentPostprocessing = 0;
			shellPath = /bin/sh;
			shellScript = "\"${PODS_ROOT}/Target Support Files/Pods-HyloReactNative/Pods-HyloReactNative-frameworks.sh\"\n";
			showEnvVarsInLog = 0;
		};
		E87EE24D7B9F3B7F9567D8F8 /* [CP] Copy Pods Resources */ = {
			isa = PBXShellScriptBuildPhase;
			buildActionMask = 2147483647;
			files = (
			);
			inputFileListPaths = (
				"${PODS_ROOT}/Target Support Files/Pods-HyloReactNative/Pods-HyloReactNative-resources-${CONFIGURATION}-input-files.xcfilelist",
			);
			name = "[CP] Copy Pods Resources";
			outputFileListPaths = (
				"${PODS_ROOT}/Target Support Files/Pods-HyloReactNative/Pods-HyloReactNative-resources-${CONFIGURATION}-output-files.xcfilelist",
			);
			runOnlyForDeploymentPostprocessing = 0;
			shellPath = /bin/sh;
			shellScript = "\"${PODS_ROOT}/Target Support Files/Pods-HyloReactNative/Pods-HyloReactNative-resources.sh\"\n";
			showEnvVarsInLog = 0;
		};
		EE0065E30AC09D19699A3D24 /* [CP] Check Pods Manifest.lock */ = {
			isa = PBXShellScriptBuildPhase;
			buildActionMask = 2147483647;
			files = (
			);
			inputFileListPaths = (
			);
			inputPaths = (
				"${PODS_PODFILE_DIR_PATH}/Podfile.lock",
				"${PODS_ROOT}/Manifest.lock",
			);
			name = "[CP] Check Pods Manifest.lock";
			outputFileListPaths = (
			);
			outputPaths = (
				"$(DERIVED_FILE_DIR)/Pods-OneSignalNotificationServiceExtension-checkManifestLockResult.txt",
			);
			runOnlyForDeploymentPostprocessing = 0;
			shellPath = /bin/sh;
			shellScript = "diff \"${PODS_PODFILE_DIR_PATH}/Podfile.lock\" \"${PODS_ROOT}/Manifest.lock\" > /dev/null\nif [ $? != 0 ] ; then\n    # print error to STDERR\n    echo \"error: The sandbox is not in sync with the Podfile.lock. Run 'pod install' or update your CocoaPods installation.\" >&2\n    exit 1\nfi\n# This output is used by Xcode 'outputs' to avoid re-running this script phase.\necho \"SUCCESS\" > \"${SCRIPT_OUTPUT_FILE_0}\"\n";
			showEnvVarsInLog = 0;
		};
		F07E8A646E94F632BF6ADF2B /* [CP] Check Pods Manifest.lock */ = {
			isa = PBXShellScriptBuildPhase;
			buildActionMask = 2147483647;
			files = (
			);
			inputFileListPaths = (
			);
			inputPaths = (
				"${PODS_PODFILE_DIR_PATH}/Podfile.lock",
				"${PODS_ROOT}/Manifest.lock",
			);
			name = "[CP] Check Pods Manifest.lock";
			outputFileListPaths = (
			);
			outputPaths = (
				"$(DERIVED_FILE_DIR)/Pods-HyloReactNative-HyloReactNativeTests-checkManifestLockResult.txt",
			);
			runOnlyForDeploymentPostprocessing = 0;
			shellPath = /bin/sh;
			shellScript = "diff \"${PODS_PODFILE_DIR_PATH}/Podfile.lock\" \"${PODS_ROOT}/Manifest.lock\" > /dev/null\nif [ $? != 0 ] ; then\n    # print error to STDERR\n    echo \"error: The sandbox is not in sync with the Podfile.lock. Run 'pod install' or update your CocoaPods installation.\" >&2\n    exit 1\nfi\n# This output is used by Xcode 'outputs' to avoid re-running this script phase.\necho \"SUCCESS\" > \"${SCRIPT_OUTPUT_FILE_0}\"\n";
			showEnvVarsInLog = 0;
		};
/* End PBXShellScriptBuildPhase section */

/* Begin PBXSourcesBuildPhase section */
		00E356EA1AD99517003FC87E /* Sources */ = {
			isa = PBXSourcesBuildPhase;
			buildActionMask = 2147483647;
			files = (
				00E356F31AD99517003FC87E /* HyloReactNativeTests.m in Sources */,
			);
			runOnlyForDeploymentPostprocessing = 0;
		};
		04BF1DDA248F357F00ECC3A2 /* Sources */ = {
			isa = PBXSourcesBuildPhase;
			buildActionMask = 2147483647;
			files = (
				04BF1DE1248F357F00ECC3A2 /* NotificationService.swift in Sources */,
			);
			runOnlyForDeploymentPostprocessing = 0;
		};
		13B07F871A680F5B00A75B9A /* Sources */ = {
			isa = PBXSourcesBuildPhase;
			buildActionMask = 2147483647;
			files = (
				04F54BA224F4D59500031D32 /* File.swift in Sources */,
				04C29B0628F8CF6D009A9FCD /* AppDelegate.mm in Sources */,
				13B07FC11A68108700A75B9A /* main.m in Sources */,
			);
			runOnlyForDeploymentPostprocessing = 0;
		};
/* End PBXSourcesBuildPhase section */

/* Begin PBXTargetDependency section */
		00E356F51AD99517003FC87E /* PBXTargetDependency */ = {
			isa = PBXTargetDependency;
			target = 13B07F861A680F5B00A75B9A /* HyloReactNative */;
			targetProxy = 00E356F41AD99517003FC87E /* PBXContainerItemProxy */;
		};
		04BF1DE4248F357F00ECC3A2 /* PBXTargetDependency */ = {
			isa = PBXTargetDependency;
			target = 04BF1DDD248F357F00ECC3A2 /* OneSignalNotificationServiceExtension */;
			targetProxy = 04BF1DE3248F357F00ECC3A2 /* PBXContainerItemProxy */;
		};
/* End PBXTargetDependency section */

/* Begin PBXVariantGroup section */
		E9B180F72BFD9D8B006E1D94 /* Localizable.strings */ = {
			isa = PBXVariantGroup;
			children = (
				E9B180F62BFD9D8B006E1D94 /* en */,
			);
			name = Localizable.strings;
			sourceTree = "<group>";
		};
/* End PBXVariantGroup section */

/* Begin XCBuildConfiguration section */
		00E356F61AD99517003FC87E /* Debug */ = {
			isa = XCBuildConfiguration;
			baseConfigurationReference = 267412614F67C3B0C7585BB7 /* Pods-HyloReactNative-HyloReactNativeTests.debug.xcconfig */;
			buildSettings = {
				ALWAYS_EMBED_SWIFT_STANDARD_LIBRARIES = YES;
				BUNDLE_LOADER = "$(TEST_HOST)";
				CODE_SIGN_IDENTITY = "Apple Development";
				CODE_SIGN_STYLE = Automatic;
				DEVELOPMENT_TEAM = L4KZBPS2F3;
				GCC_PREPROCESSOR_DEFINITIONS = (
					"DEBUG=1",
					"$(inherited)",
				);
				INFOPLIST_FILE = HyloReactNativeTests/Info.plist;
				IPHONEOS_DEPLOYMENT_TARGET = 13.4;
				LD_RUNPATH_SEARCH_PATHS = (
					"$(inherited)",
					"@executable_path/Frameworks",
					"@loader_path/Frameworks",
				);
				OTHER_LDFLAGS = (
					"-ObjC",
					"-lc++",
					"$(inherited)",
				);
				PRODUCT_BUNDLE_IDENTIFIER = "org.reactjs.native.example.$(PRODUCT_NAME:rfc1034identifier)";
				PRODUCT_NAME = "$(TARGET_NAME)";
				PROVISIONING_PROFILE_SPECIFIER = "";
				TEST_HOST = "$(BUILT_PRODUCTS_DIR)/Hylo.app/Hylo";
				TVOS_DEPLOYMENT_TARGET = "";
			};
			name = Debug;
		};
		00E356F71AD99517003FC87E /* Release */ = {
			isa = XCBuildConfiguration;
			baseConfigurationReference = C412B0FC10E318FB918BF772 /* Pods-HyloReactNative-HyloReactNativeTests.release.xcconfig */;
			buildSettings = {
				ALWAYS_EMBED_SWIFT_STANDARD_LIBRARIES = YES;
				BUNDLE_LOADER = "$(TEST_HOST)";
				CODE_SIGN_IDENTITY = "Apple Development";
				CODE_SIGN_STYLE = Automatic;
				COPY_PHASE_STRIP = NO;
				DEVELOPMENT_TEAM = L4KZBPS2F3;
				INFOPLIST_FILE = HyloReactNativeTests/Info.plist;
				IPHONEOS_DEPLOYMENT_TARGET = 13.4;
				LD_RUNPATH_SEARCH_PATHS = (
					"$(inherited)",
					"@executable_path/Frameworks",
					"@loader_path/Frameworks",
				);
				OTHER_LDFLAGS = (
					"-ObjC",
					"-lc++",
					"$(inherited)",
				);
				PRODUCT_BUNDLE_IDENTIFIER = "org.reactjs.native.example.$(PRODUCT_NAME:rfc1034identifier)";
				PRODUCT_NAME = "$(TARGET_NAME)";
				PROVISIONING_PROFILE_SPECIFIER = "";
				TEST_HOST = "$(BUILT_PRODUCTS_DIR)/Hylo.app/Hylo";
				TVOS_DEPLOYMENT_TARGET = "";
			};
			name = Release;
		};
		04BF1DE7248F357F00ECC3A2 /* Debug */ = {
			isa = XCBuildConfiguration;
			baseConfigurationReference = 224D89DEBDBC758DC3E50B16 /* Pods-OneSignalNotificationServiceExtension.debug.xcconfig */;
			buildSettings = {
				CLANG_ANALYZER_NONNULL = YES;
				CLANG_ANALYZER_NUMBER_OBJECT_CONVERSION = YES_AGGRESSIVE;
				CLANG_CXX_LANGUAGE_STANDARD = "gnu++14";
				CLANG_ENABLE_OBJC_WEAK = YES;
				CLANG_WARN_DOCUMENTATION_COMMENTS = YES;
				CLANG_WARN_UNGUARDED_AVAILABILITY = YES_AGGRESSIVE;
				CODE_SIGN_ENTITLEMENTS = OneSignalNotificationServiceExtension/OneSignalNotificationServiceExtension.entitlements;
				CODE_SIGN_IDENTITY = "Apple Development";
				CODE_SIGN_STYLE = Automatic;
				DEBUG_INFORMATION_FORMAT = dwarf;
				DEVELOPMENT_TEAM = L4KZBPS2F3;
				GCC_C_LANGUAGE_STANDARD = gnu11;
				INFOPLIST_FILE = OneSignalNotificationServiceExtension/Info.plist;
				IPHONEOS_DEPLOYMENT_TARGET = 13.4;
				LD_RUNPATH_SEARCH_PATHS = (
					"$(inherited)",
					"@executable_path/Frameworks",
					"@executable_path/../../Frameworks",
				);
				MTL_ENABLE_DEBUG_INFO = INCLUDE_SOURCE;
				MTL_FAST_MATH = YES;
				PRODUCT_BUNDLE_IDENTIFIER = com.hylo.HyloA.OneSignalNotificationServiceExtension;
				PRODUCT_NAME = "$(TARGET_NAME)";
				PROVISIONING_PROFILE_SPECIFIER = "";
				SKIP_INSTALL = YES;
				SWIFT_ACTIVE_COMPILATION_CONDITIONS = DEBUG;
				SWIFT_OPTIMIZATION_LEVEL = "-Onone";
				SWIFT_VERSION = 5.0;
				TARGETED_DEVICE_FAMILY = 1;
				TVOS_DEPLOYMENT_TARGET = "";
			};
			name = Debug;
		};
		04BF1DE8248F357F00ECC3A2 /* Release */ = {
			isa = XCBuildConfiguration;
			baseConfigurationReference = 5EE045D044C55A75EF7E2095 /* Pods-OneSignalNotificationServiceExtension.release.xcconfig */;
			buildSettings = {
				CLANG_ANALYZER_NONNULL = YES;
				CLANG_ANALYZER_NUMBER_OBJECT_CONVERSION = YES_AGGRESSIVE;
				CLANG_CXX_LANGUAGE_STANDARD = "gnu++14";
				CLANG_ENABLE_OBJC_WEAK = YES;
				CLANG_WARN_DOCUMENTATION_COMMENTS = YES;
				CLANG_WARN_UNGUARDED_AVAILABILITY = YES_AGGRESSIVE;
				CODE_SIGN_ENTITLEMENTS = OneSignalNotificationServiceExtension/OneSignalNotificationServiceExtension.entitlements;
				CODE_SIGN_IDENTITY = "Apple Development";
				CODE_SIGN_STYLE = Automatic;
				COPY_PHASE_STRIP = NO;
				DEBUG_INFORMATION_FORMAT = "dwarf-with-dsym";
				DEVELOPMENT_TEAM = L4KZBPS2F3;
				GCC_C_LANGUAGE_STANDARD = gnu11;
				INFOPLIST_FILE = OneSignalNotificationServiceExtension/Info.plist;
				IPHONEOS_DEPLOYMENT_TARGET = 13.4;
				LD_RUNPATH_SEARCH_PATHS = (
					"$(inherited)",
					"@executable_path/Frameworks",
					"@executable_path/../../Frameworks",
				);
				MTL_FAST_MATH = YES;
				ONLY_ACTIVE_ARCH = YES;
				PRODUCT_BUNDLE_IDENTIFIER = com.hylo.HyloA.OneSignalNotificationServiceExtension;
				PRODUCT_NAME = "$(TARGET_NAME)";
				PROVISIONING_PROFILE_SPECIFIER = "";
				SKIP_INSTALL = YES;
				SWIFT_ACTIVE_COMPILATION_CONDITIONS = "";
				SWIFT_COMPILATION_MODE = wholemodule;
				SWIFT_OPTIMIZATION_LEVEL = "-O";
				SWIFT_VERSION = 5.0;
				TARGETED_DEVICE_FAMILY = 1;
				TVOS_DEPLOYMENT_TARGET = "";
			};
			name = Release;
		};
		13B07F941A680F5B00A75B9A /* Debug */ = {
			isa = XCBuildConfiguration;
			baseConfigurationReference = 3A294BD5EFF9C2C00DFE6075 /* Pods-HyloReactNative.debug.xcconfig */;
			buildSettings = {
				ALWAYS_EMBED_SWIFT_STANDARD_LIBRARIES = "$(inherited)";
				ASSETCATALOG_COMPILER_APPICON_NAME = AppIcon;
				CLANG_ENABLE_MODULES = YES;
				CODE_SIGN_ENTITLEMENTS = HyloReactNative/HyloReactNative.entitlements;
				CODE_SIGN_IDENTITY = "Apple Development";
				CODE_SIGN_STYLE = Automatic;
				CURRENT_PROJECT_VERSION = 213;
				DEAD_CODE_STRIPPING = YES;
				DEVELOPMENT_TEAM = L4KZBPS2F3;
				INFOPLIST_FILE = HyloReactNative/Info.plist;
				IPHONEOS_DEPLOYMENT_TARGET = 13.4;
				LD_RUNPATH_SEARCH_PATHS = (
					"$(inherited)",
					"@executable_path/Frameworks",
				);
				MARKETING_VERSION = 1.0;
				OTHER_LDFLAGS = (
					"$(inherited)",
					"-ObjC",
					"-lc++",
				);
				PRODUCT_BUNDLE_IDENTIFIER = com.hylo.HyloA;
				PRODUCT_NAME = Hylo;
				PROVISIONING_PROFILE_SPECIFIER = "";
				SWIFT_OBJC_BRIDGING_HEADER = "HyloReactNative-Bridging-Header.h";
				SWIFT_OPTIMIZATION_LEVEL = "-Onone";
				SWIFT_VERSION = 5.0;
				TARGETED_DEVICE_FAMILY = 1;
				TVOS_DEPLOYMENT_TARGET = "";
				VERSIONING_SYSTEM = "apple-generic";
			};
			name = Debug;
		};
		13B07F951A680F5B00A75B9A /* Release */ = {
			isa = XCBuildConfiguration;
			baseConfigurationReference = 6E48881C7A1CCC8C515F67A7 /* Pods-HyloReactNative.release.xcconfig */;
			buildSettings = {
				ALWAYS_EMBED_SWIFT_STANDARD_LIBRARIES = "$(inherited)";
				ASSETCATALOG_COMPILER_APPICON_NAME = AppIcon;
				CLANG_ENABLE_MODULES = YES;
				CODE_SIGN_ENTITLEMENTS = HyloReactNative/HyloReactNativeRelease.entitlements;
				CODE_SIGN_IDENTITY = "Apple Development";
				CODE_SIGN_STYLE = Automatic;
				CURRENT_PROJECT_VERSION = 213;
				DEVELOPMENT_TEAM = L4KZBPS2F3;
				INFOPLIST_FILE = HyloReactNative/Info.plist;
				IPHONEOS_DEPLOYMENT_TARGET = 13.4;
				LD_RUNPATH_SEARCH_PATHS = (
					"$(inherited)",
					"@executable_path/Frameworks",
				);
				MARKETING_VERSION = 1.0;
				ONLY_ACTIVE_ARCH = YES;
				OTHER_LDFLAGS = (
					"$(inherited)",
					"-ObjC",
					"-lc++",
				);
				PRODUCT_BUNDLE_IDENTIFIER = com.hylo.HyloA;
				PRODUCT_NAME = Hylo;
				PROVISIONING_PROFILE_SPECIFIER = "";
				SWIFT_OBJC_BRIDGING_HEADER = "HyloReactNative-Bridging-Header.h";
				SWIFT_VERSION = 5.0;
				TARGETED_DEVICE_FAMILY = 1;
				TVOS_DEPLOYMENT_TARGET = "";
				VERSIONING_SYSTEM = "apple-generic";
			};
			name = Release;
		};
		83CBBA201A601CBA00E9B192 /* Debug */ = {
			isa = XCBuildConfiguration;
			baseConfigurationReference = 046EBCC626CCFC1D008EE5CD /* debug.xcconfig */;
			buildSettings = {
				ALWAYS_SEARCH_USER_PATHS = NO;
				CC = "";
				CLANG_ANALYZER_LOCALIZABILITY_NONLOCALIZED = YES;
				CLANG_CXX_LANGUAGE_STANDARD = "c++20";
				CLANG_CXX_LIBRARY = "libc++";
				CLANG_ENABLE_MODULES = YES;
				CLANG_ENABLE_OBJC_ARC = YES;
				CLANG_WARN_BLOCK_CAPTURE_AUTORELEASING = YES;
				CLANG_WARN_BOOL_CONVERSION = YES;
				CLANG_WARN_COMMA = YES;
				CLANG_WARN_CONSTANT_CONVERSION = YES;
				CLANG_WARN_DEPRECATED_OBJC_IMPLEMENTATIONS = YES;
				CLANG_WARN_DIRECT_OBJC_ISA_USAGE = YES_ERROR;
				CLANG_WARN_EMPTY_BODY = YES;
				CLANG_WARN_ENUM_CONVERSION = YES;
				CLANG_WARN_INFINITE_RECURSION = YES;
				CLANG_WARN_INT_CONVERSION = YES;
				CLANG_WARN_NON_LITERAL_NULL_CONVERSION = YES;
				CLANG_WARN_OBJC_IMPLICIT_RETAIN_SELF = YES;
				CLANG_WARN_OBJC_LITERAL_CONVERSION = YES;
				CLANG_WARN_OBJC_ROOT_CLASS = YES_ERROR;
				CLANG_WARN_QUOTED_INCLUDE_IN_FRAMEWORK_HEADER = YES;
				CLANG_WARN_RANGE_LOOP_ANALYSIS = YES;
				CLANG_WARN_STRICT_PROTOTYPES = YES;
				CLANG_WARN_SUSPICIOUS_MOVE = YES;
				CLANG_WARN_UNREACHABLE_CODE = YES;
				CLANG_WARN__DUPLICATE_METHOD_MATCH = YES;
				"CODE_SIGN_IDENTITY[sdk=iphoneos*]" = "iPhone Developer";
				COPY_PHASE_STRIP = NO;
				CXX = "";
				ENABLE_STRICT_OBJC_MSGSEND = YES;
				ENABLE_TESTABILITY = YES;
				"EXCLUDED_ARCHS[sdk=iphonesimulator*]" = i386;
				"FRAMEWORK_SEARCH_PATHS[arch=*]" = "";
				GCC_C_LANGUAGE_STANDARD = gnu99;
				GCC_DYNAMIC_NO_PIC = NO;
				GCC_NO_COMMON_BLOCKS = YES;
				GCC_OPTIMIZATION_LEVEL = 0;
				GCC_PREPROCESSOR_DEFINITIONS = (
					"DEBUG=1",
					"$(inherited)",
					_LIBCPP_ENABLE_CXX17_REMOVED_UNARY_BINARY_FUNCTION,
				);
				GCC_SYMBOLS_PRIVATE_EXTERN = NO;
				GCC_WARN_64_TO_32_BIT_CONVERSION = YES;
				GCC_WARN_ABOUT_RETURN_TYPE = YES_ERROR;
				GCC_WARN_UNDECLARED_SELECTOR = YES;
				GCC_WARN_UNINITIALIZED_AUTOS = YES_AGGRESSIVE;
				GCC_WARN_UNUSED_FUNCTION = YES;
				GCC_WARN_UNUSED_VARIABLE = YES;
				IPHONEOS_DEPLOYMENT_TARGET = 13.4;
				LD = "";
				LDPLUSPLUS = "";
				"LIBRARY_SEARCH_PATHS[arch=*]" = "$(PROJECT_DIR)/OneSignalNotificationServiceExtension/**";
				MTL_ENABLE_DEBUG_INFO = YES;
				ONLY_ACTIVE_ARCH = YES;
				OTHER_CFLAGS = "$(inherited)";
				OTHER_CPLUSPLUSFLAGS = (
					"$(OTHER_CFLAGS)",
					"-DFOLLY_NO_CONFIG",
					"-DFOLLY_MOBILE=1",
					"-DFOLLY_USE_LIBCPP=1",
					"-DFOLLY_CFG_NO_COROUTINES=1",
					"-DFOLLY_HAVE_CLOCK_GETTIME=1",
				);
				OTHER_LDFLAGS = (
					"$(inherited)",
					" ",
				);
				REACT_NATIVE_PATH = "${PODS_ROOT}/../../node_modules/react-native";
				SDKROOT = iphoneos;
				STRIP_INSTALLED_PRODUCT = YES;
				SWIFT_VERSION = "";
				TARGETED_DEVICE_FAMILY = 1;
				USE_HERMES = true;
			};
			name = Debug;
		};
		83CBBA211A601CBA00E9B192 /* Release */ = {
			isa = XCBuildConfiguration;
			baseConfigurationReference = 046EBCC526CCFC1D008EE5CD /* release.xcconfig */;
			buildSettings = {
				ALWAYS_SEARCH_USER_PATHS = NO;
				CC = "";
				CLANG_ANALYZER_LOCALIZABILITY_NONLOCALIZED = YES;
				CLANG_CXX_LANGUAGE_STANDARD = "c++20";
				CLANG_CXX_LIBRARY = "libc++";
				CLANG_ENABLE_MODULES = YES;
				CLANG_ENABLE_OBJC_ARC = YES;
				CLANG_WARN_BLOCK_CAPTURE_AUTORELEASING = YES;
				CLANG_WARN_BOOL_CONVERSION = YES;
				CLANG_WARN_COMMA = YES;
				CLANG_WARN_CONSTANT_CONVERSION = YES;
				CLANG_WARN_DEPRECATED_OBJC_IMPLEMENTATIONS = YES;
				CLANG_WARN_DIRECT_OBJC_ISA_USAGE = YES_ERROR;
				CLANG_WARN_EMPTY_BODY = YES;
				CLANG_WARN_ENUM_CONVERSION = YES;
				CLANG_WARN_INFINITE_RECURSION = YES;
				CLANG_WARN_INT_CONVERSION = YES;
				CLANG_WARN_NON_LITERAL_NULL_CONVERSION = YES;
				CLANG_WARN_OBJC_IMPLICIT_RETAIN_SELF = YES;
				CLANG_WARN_OBJC_LITERAL_CONVERSION = YES;
				CLANG_WARN_OBJC_ROOT_CLASS = YES_ERROR;
				CLANG_WARN_QUOTED_INCLUDE_IN_FRAMEWORK_HEADER = YES;
				CLANG_WARN_RANGE_LOOP_ANALYSIS = YES;
				CLANG_WARN_STRICT_PROTOTYPES = YES;
				CLANG_WARN_SUSPICIOUS_MOVE = YES;
				CLANG_WARN_UNREACHABLE_CODE = YES;
				CLANG_WARN__DUPLICATE_METHOD_MATCH = YES;
				"CODE_SIGN_IDENTITY[sdk=iphoneos*]" = "iPhone Developer";
				COPY_PHASE_STRIP = YES;
				CXX = "";
				ENABLE_NS_ASSERTIONS = NO;
				ENABLE_STRICT_OBJC_MSGSEND = YES;
				"EXCLUDED_ARCHS[sdk=iphonesimulator*]" = i386;
				GCC_C_LANGUAGE_STANDARD = gnu99;
				GCC_NO_COMMON_BLOCKS = YES;
				GCC_PREPROCESSOR_DEFINITIONS = (
					"$(inherited)",
					_LIBCPP_ENABLE_CXX17_REMOVED_UNARY_BINARY_FUNCTION,
				);
				GCC_WARN_64_TO_32_BIT_CONVERSION = YES;
				GCC_WARN_ABOUT_RETURN_TYPE = YES_ERROR;
				GCC_WARN_UNDECLARED_SELECTOR = YES;
				GCC_WARN_UNINITIALIZED_AUTOS = YES_AGGRESSIVE;
				GCC_WARN_UNUSED_FUNCTION = YES;
				GCC_WARN_UNUSED_VARIABLE = YES;
				IPHONEOS_DEPLOYMENT_TARGET = 13.4;
				LD = "";
				LDPLUSPLUS = "";
				"LIBRARY_SEARCH_PATHS[arch=*]" = "$(PROJECT_DIR)/OneSignalNotificationServiceExtension";
				MTL_ENABLE_DEBUG_INFO = NO;
				OTHER_CFLAGS = "$(inherited)";
				OTHER_CPLUSPLUSFLAGS = (
					"$(OTHER_CFLAGS)",
					"-DFOLLY_NO_CONFIG",
					"-DFOLLY_MOBILE=1",
					"-DFOLLY_USE_LIBCPP=1",
					"-DFOLLY_CFG_NO_COROUTINES=1",
					"-DFOLLY_HAVE_CLOCK_GETTIME=1",
				);
				OTHER_LDFLAGS = (
					"$(inherited)",
					" ",
				);
				REACT_NATIVE_PATH = "${PODS_ROOT}/../../node_modules/react-native";
				SDKROOT = iphoneos;
				STRIP_INSTALLED_PRODUCT = YES;
				SWIFT_COMPILATION_MODE = wholemodule;
				SWIFT_VERSION = "";
				TARGETED_DEVICE_FAMILY = 1;
				USE_HERMES = true;
				VALIDATE_PRODUCT = YES;
			};
			name = Release;
		};
/* End XCBuildConfiguration section */

/* Begin XCConfigurationList section */
		00E357021AD99517003FC87E /* Build configuration list for PBXNativeTarget "HyloReactNativeTests" */ = {
			isa = XCConfigurationList;
			buildConfigurations = (
				00E356F61AD99517003FC87E /* Debug */,
				00E356F71AD99517003FC87E /* Release */,
			);
			defaultConfigurationIsVisible = 0;
			defaultConfigurationName = Release;
		};
		04BF1DE9248F357F00ECC3A2 /* Build configuration list for PBXNativeTarget "OneSignalNotificationServiceExtension" */ = {
			isa = XCConfigurationList;
			buildConfigurations = (
				04BF1DE7248F357F00ECC3A2 /* Debug */,
				04BF1DE8248F357F00ECC3A2 /* Release */,
			);
			defaultConfigurationIsVisible = 0;
			defaultConfigurationName = Release;
		};
		13B07F931A680F5B00A75B9A /* Build configuration list for PBXNativeTarget "HyloReactNative" */ = {
			isa = XCConfigurationList;
			buildConfigurations = (
				13B07F941A680F5B00A75B9A /* Debug */,
				13B07F951A680F5B00A75B9A /* Release */,
			);
			defaultConfigurationIsVisible = 0;
			defaultConfigurationName = Release;
		};
		83CBB9FA1A601CBA00E9B192 /* Build configuration list for PBXProject "HyloReactNative" */ = {
			isa = XCConfigurationList;
			buildConfigurations = (
				83CBBA201A601CBA00E9B192 /* Debug */,
				83CBBA211A601CBA00E9B192 /* Release */,
			);
			defaultConfigurationIsVisible = 0;
			defaultConfigurationName = Release;
		};
/* End XCConfigurationList section */
	};
	rootObject = 83CBB9F71A601CBA00E9B192 /* Project object */;
}
