PODS:
  - AppAuth (1.3.0):
    - AppAuth/Core (= 1.3.0)
    - AppAuth/ExternalUserAgent (= 1.3.0)
  - AppAuth/Core (1.3.0)
  - AppAuth/ExternalUserAgent (1.3.0)
  - boost-for-react-native (1.63.0)
  - BVLinearGradient (2.5.6):
    - React
  - DoubleConversion (1.1.6)
  - FBSDKCoreKit (5.8.0):
    - FBSDKCoreKit/Basics (= 5.8.0)
    - FBSDKCoreKit/Core (= 5.8.0)
  - FBSDKCoreKit/Basics (5.8.0)
  - FBSDKCoreKit/Core (5.8.0):
    - FBSDKCoreKit/Basics
  - FBSDKLoginKit (5.8.0):
    - FBSDKLoginKit/Login (= 5.8.0)
  - FBSDKLoginKit/Login (5.8.0):
    - FBSDKCoreKit (~> 5.0)
  - FBSDKShareKit (5.8.0):
    - FBSDKShareKit/Share (= 5.8.0)
  - FBSDKShareKit/Share (5.8.0):
    - FBSDKCoreKit (~> 5.0)
  - Folly (2018.10.22.00):
    - boost-for-react-native
    - DoubleConversion
    - Folly/Default (= 2018.10.22.00)
    - glog
  - Folly/Default (2018.10.22.00):
    - boost-for-react-native
    - DoubleConversion
    - glog
  - glog (0.3.5)
  - GoogleSignIn (5.0.2):
    - AppAuth (~> 1.2)
    - GTMAppAuth (~> 1.0)
    - GTMSessionFetcher/Core (~> 1.1)
  - GTMAppAuth (1.0.0):
    - AppAuth/Core (~> 1.0)
    - GTMSessionFetcher (~> 1.1)
  - GTMSessionFetcher (1.4.0):
    - GTMSessionFetcher/Full (= 1.4.0)
  - GTMSessionFetcher/Core (1.4.0)
  - GTMSessionFetcher/Full (1.4.0):
    - GTMSessionFetcher/Core (= 1.4.0)
  - Intercom (6.0.2)
  - Mixpanel (3.6.1)
  - OneSignal (2.13.1)
  - React (0.60.6):
    - React-Core (= 0.60.6)
    - React-DevSupport (= 0.60.6)
    - React-RCTActionSheet (= 0.60.6)
    - React-RCTAnimation (= 0.60.6)
    - React-RCTBlob (= 0.60.6)
    - React-RCTImage (= 0.60.6)
    - React-RCTLinking (= 0.60.6)
    - React-RCTNetwork (= 0.60.6)
    - React-RCTSettings (= 0.60.6)
    - React-RCTText (= 0.60.6)
    - React-RCTVibration (= 0.60.6)
    - React-RCTWebSocket (= 0.60.6)
  - React-Core (0.60.6):
    - Folly (= 2018.10.22.00)
    - React-cxxreact (= 0.60.6)
    - React-jsiexecutor (= 0.60.6)
    - yoga (= 0.60.6.React)
  - React-cxxreact (0.60.6):
    - boost-for-react-native (= 1.63.0)
    - DoubleConversion
    - Folly (= 2018.10.22.00)
    - glog
    - React-jsinspector (= 0.60.6)
  - React-DevSupport (0.60.6):
    - React-Core (= 0.60.6)
    - React-RCTWebSocket (= 0.60.6)
  - React-jsi (0.60.6):
    - boost-for-react-native (= 1.63.0)
    - DoubleConversion
    - Folly (= 2018.10.22.00)
    - glog
    - React-jsi/Default (= 0.60.6)
  - React-jsi/Default (0.60.6):
    - boost-for-react-native (= 1.63.0)
    - DoubleConversion
    - Folly (= 2018.10.22.00)
    - glog
  - React-jsiexecutor (0.60.6):
    - DoubleConversion
    - Folly (= 2018.10.22.00)
    - glog
    - React-cxxreact (= 0.60.6)
    - React-jsi (= 0.60.6)
  - React-jsinspector (0.60.6)
  - react-native-background-timer (2.2.0):
    - React
  - react-native-document-picker (2.3.0):
    - React
  - react-native-fbsdk (1.1.2):
    - React
    - react-native-fbsdk/Core (= 1.1.2)
    - react-native-fbsdk/Login (= 1.1.2)
    - react-native-fbsdk/Share (= 1.1.2)
  - react-native-fbsdk/Core (1.1.2):
    - FBSDKCoreKit (= 5.8)
    - React
  - react-native-fbsdk/Login (1.1.2):
    - FBSDKLoginKit (= 5.8)
    - React
  - react-native-fbsdk/Share (1.1.2):
    - FBSDKShareKit (= 5.8)
    - React
  - react-native-image-picker (1.1.0):
    - React
  - react-native-intercom (15.0.0):
    - Intercom (~> 6.0.0)
    - React
  - react-native-mixpanel (1.2.0):
    - Mixpanel (~> 3.6.0)
    - React
  - react-native-netinfo (5.9.0):
    - React
  - react-native-onesignal (3.7.3):
    - OneSignal (= 2.13.1)
    - React (< 1.0.0, >= 0.13.0)
  - react-native-restart (0.0.17):
    - React
  - React-RCTActionSheet (0.60.6):
    - React-Core (= 0.60.6)
  - React-RCTAnimation (0.60.6):
    - React-Core (= 0.60.6)
  - React-RCTBlob (0.60.6):
    - React-Core (= 0.60.6)
    - React-RCTNetwork (= 0.60.6)
    - React-RCTWebSocket (= 0.60.6)
  - React-RCTImage (0.60.6):
    - React-Core (= 0.60.6)
    - React-RCTNetwork (= 0.60.6)
  - React-RCTLinking (0.60.6):
    - React-Core (= 0.60.6)
  - React-RCTNetwork (0.60.6):
    - React-Core (= 0.60.6)
  - React-RCTSettings (0.60.6):
    - React-Core (= 0.60.6)
  - React-RCTText (0.60.6):
    - React-Core (= 0.60.6)
  - React-RCTVibration (0.60.6):
    - React-Core (= 0.60.6)
  - React-RCTWebSocket (0.60.6):
    - React-Core (= 0.60.6)
  - RNDeviceInfo (0.21.5):
    - React
  - RNGestureHandler (1.6.1):
    - React
  - RNGoogleSignin (4.0.3):
    - GoogleSignIn (~> 5.0.0)
    - React
  - RNSentry (1.3.9):
    - React
    - Sentry (~> 4.4.0)
  - RNVectorIcons (6.6.0):
    - React
  - Sentry (4.4.3):
    - Sentry/Core (= 4.4.3)
  - Sentry/Core (4.4.3)
  - yoga (0.60.6.React)

DEPENDENCIES:
  - BVLinearGradient (from `../node_modules/react-native-linear-gradient`)
  - DoubleConversion (from `../node_modules/react-native/third-party-podspecs/DoubleConversion.podspec`)
  - Folly (from `../node_modules/react-native/third-party-podspecs/Folly.podspec`)
  - glog (from `../node_modules/react-native/third-party-podspecs/glog.podspec`)
  - Intercom
  - Mixpanel
  - React (from `../node_modules/react-native/`)
  - React-Core (from `../node_modules/react-native/React`)
  - React-cxxreact (from `../node_modules/react-native/ReactCommon/cxxreact`)
  - React-DevSupport (from `../node_modules/react-native/React`)
  - React-jsi (from `../node_modules/react-native/ReactCommon/jsi`)
  - React-jsiexecutor (from `../node_modules/react-native/ReactCommon/jsiexecutor`)
  - React-jsinspector (from `../node_modules/react-native/ReactCommon/jsinspector`)
  - react-native-background-timer (from `../node_modules/react-native-background-timer`)
  - react-native-document-picker (from `../node_modules/react-native-document-picker`)
  - react-native-fbsdk (from `../node_modules/react-native-fbsdk`)
  - react-native-image-picker (from `../node_modules/react-native-image-picker`)
  - react-native-intercom (from `../node_modules/react-native-intercom`)
  - react-native-mixpanel (from `../node_modules/react-native-mixpanel`)
  - "react-native-netinfo (from `../node_modules/@react-native-community/netinfo`)"
  - react-native-onesignal (from `../node_modules/react-native-onesignal`)
  - react-native-restart (from `../node_modules/react-native-restart`)
  - React-RCTActionSheet (from `../node_modules/react-native/Libraries/ActionSheetIOS`)
  - React-RCTAnimation (from `../node_modules/react-native/Libraries/NativeAnimation`)
  - React-RCTBlob (from `../node_modules/react-native/Libraries/Blob`)
  - React-RCTImage (from `../node_modules/react-native/Libraries/Image`)
  - React-RCTLinking (from `../node_modules/react-native/Libraries/LinkingIOS`)
  - React-RCTNetwork (from `../node_modules/react-native/Libraries/Network`)
  - React-RCTSettings (from `../node_modules/react-native/Libraries/Settings`)
  - React-RCTText (from `../node_modules/react-native/Libraries/Text`)
  - React-RCTVibration (from `../node_modules/react-native/Libraries/Vibration`)
  - React-RCTWebSocket (from `../node_modules/react-native/Libraries/WebSocket`)
  - RNDeviceInfo (from `../node_modules/react-native-device-info`)
  - RNGestureHandler (from `../node_modules/react-native-gesture-handler`)
  - "RNGoogleSignin (from `../node_modules/@react-native-community/google-signin`)"
  - "RNSentry (from `../node_modules/@sentry/react-native`)"
  - RNVectorIcons (from `../node_modules/react-native-vector-icons`)
  - yoga (from `../node_modules/react-native/ReactCommon/yoga`)

SPEC REPOS:
  trunk:
    - AppAuth
    - boost-for-react-native
    - FBSDKCoreKit
    - FBSDKLoginKit
    - FBSDKShareKit
    - GoogleSignIn
    - GTMAppAuth
    - GTMSessionFetcher
    - Intercom
    - Mixpanel
    - OneSignal
    - Sentry

EXTERNAL SOURCES:
  BVLinearGradient:
    :path: "../node_modules/react-native-linear-gradient"
  DoubleConversion:
    :podspec: "../node_modules/react-native/third-party-podspecs/DoubleConversion.podspec"
  Folly:
    :podspec: "../node_modules/react-native/third-party-podspecs/Folly.podspec"
  glog:
    :podspec: "../node_modules/react-native/third-party-podspecs/glog.podspec"
  React:
    :path: "../node_modules/react-native/"
  React-Core:
    :path: "../node_modules/react-native/React"
  React-cxxreact:
    :path: "../node_modules/react-native/ReactCommon/cxxreact"
  React-DevSupport:
    :path: "../node_modules/react-native/React"
  React-jsi:
    :path: "../node_modules/react-native/ReactCommon/jsi"
  React-jsiexecutor:
    :path: "../node_modules/react-native/ReactCommon/jsiexecutor"
  React-jsinspector:
    :path: "../node_modules/react-native/ReactCommon/jsinspector"
  react-native-background-timer:
    :path: "../node_modules/react-native-background-timer"
  react-native-document-picker:
    :path: "../node_modules/react-native-document-picker"
  react-native-fbsdk:
    :path: "../node_modules/react-native-fbsdk"
  react-native-image-picker:
    :path: "../node_modules/react-native-image-picker"
  react-native-intercom:
    :path: "../node_modules/react-native-intercom"
  react-native-mixpanel:
    :path: "../node_modules/react-native-mixpanel"
  react-native-netinfo:
    :path: "../node_modules/@react-native-community/netinfo"
  react-native-onesignal:
    :path: "../node_modules/react-native-onesignal"
  react-native-restart:
    :path: "../node_modules/react-native-restart"
  React-RCTActionSheet:
    :path: "../node_modules/react-native/Libraries/ActionSheetIOS"
  React-RCTAnimation:
    :path: "../node_modules/react-native/Libraries/NativeAnimation"
  React-RCTBlob:
    :path: "../node_modules/react-native/Libraries/Blob"
  React-RCTImage:
    :path: "../node_modules/react-native/Libraries/Image"
  React-RCTLinking:
    :path: "../node_modules/react-native/Libraries/LinkingIOS"
  React-RCTNetwork:
    :path: "../node_modules/react-native/Libraries/Network"
  React-RCTSettings:
    :path: "../node_modules/react-native/Libraries/Settings"
  React-RCTText:
    :path: "../node_modules/react-native/Libraries/Text"
  React-RCTVibration:
    :path: "../node_modules/react-native/Libraries/Vibration"
  React-RCTWebSocket:
    :path: "../node_modules/react-native/Libraries/WebSocket"
  RNDeviceInfo:
    :path: "../node_modules/react-native-device-info"
  RNGestureHandler:
    :path: "../node_modules/react-native-gesture-handler"
  RNGoogleSignin:
    :path: "../node_modules/@react-native-community/google-signin"
  RNSentry:
    :path: "../node_modules/@sentry/react-native"
  RNVectorIcons:
    :path: "../node_modules/react-native-vector-icons"
  yoga:
    :path: "../node_modules/react-native/ReactCommon/yoga"

SPEC CHECKSUMS:
  AppAuth: 73574f3013a1e65b9601a3ddc8b3158cce68c09d
  boost-for-react-native: 39c7adb57c4e60d6c5479dd8623128eb5b3f0f2c
  BVLinearGradient: e3aad03778a456d77928f594a649e96995f1c872
  DoubleConversion: 5805e889d232975c086db112ece9ed034df7a0b2
  FBSDKCoreKit: e7dcac0aabcfb09d0166998edd95fe3b05a0ce5d
  FBSDKLoginKit: 1b0cf04df0370b37404213157b060d6666ede814
  FBSDKShareKit: abc29e1bb4f9f59f679adf1ae191006d68455f96
  Folly: 30e7936e1c45c08d884aa59369ed951a8e68cf51
  glog: 1f3da668190260b06b429bb211bfbee5cd790c28
  GoogleSignIn: 7137d297ddc022a7e0aa4619c86d72c909fa7213
  GTMAppAuth: 4deac854479704f348309e7b66189e604cf5e01e
  GTMSessionFetcher: 6f5c8abbab8a9bce4bb3f057e317728ec6182b10
  Intercom: 523417d82ed1a8c635cc7f97b266eb8bd0bd9d85
  Mixpanel: 61e6d8c0717c8e94ccc6d3a1ae8677b9a78f64c5
  OneSignal: fa98eaa90372bb367b6a4a1c1622ffb9832c7600
  React: 68e7f8dfc27729eade18423072a143120f2f32ab
  React-Core: fc9dace551f6c8c1007dd2d3cb1bc10c90a01d3e
  React-cxxreact: abe59014fce932d41a08bf1aa5dcad9ca8f0a2c5
  React-DevSupport: b0da2fd9ad4ffb25561bf2a328ab84f78f871bdd
  React-jsi: 1a4248256b96fa453536a8dafe11b784e24e789d
  React-jsiexecutor: 2279e559b921d02dfc6253ebef3dcb3a9dc6c07e
  React-jsinspector: a58b86545a0185f69768e78ac96ca9fe43fa3694
  react-native-background-timer: 1f7d560647b40e6a60b01c452ba29c54bf581fc4
  react-native-document-picker: 8508bfda34be6c24a2cbecbe515b15108658c183
  react-native-fbsdk: c35d42169e64aaf66f01713c1e18d0674f7f6519
  react-native-image-picker: 7a85cf7b0a53845f03ae52fb4592a2748ded069b
  react-native-intercom: ddc3a81f883b9089649dbaf4c02e3b3ad271b6d1
  react-native-mixpanel: d644efe1ca33d2646d5cba29e24a13ebc9b37209
  react-native-netinfo: 7b3c53674ea611b26a7788821f137c6d9d3a038b
  react-native-onesignal: 417b2ae5c3148a47a6ef70b6af443186048b2022
  react-native-restart: d19a0f8d053d065fe64cd2baebb6487111c77149
  React-RCTActionSheet: 49f6a67a7efa6688f637296383d453b97ef13645
  React-RCTAnimation: e8047438b2927ebbe630bbf600c7309374075df3
  React-RCTBlob: 2c4b28daca5b3e6e356706d8e0c7436a0e8ef492
  React-RCTImage: 273501f0529775962551613259c20ccdf1a87cd2
  React-RCTLinking: 76c88b3cc98657915a2ba2f20d208e44d0530a43
  React-RCTNetwork: 77c11e672ccdcc33da5d047705f100b016497b15
  React-RCTSettings: f727c25ad26a8a9bd7272a8ba93781bd1f53952a
  React-RCTText: d91537e29e38dc69cf09cbca0875cf5dc7402da6
  React-RCTVibration: 7655d72dfb919dd6d8e135ca108a5a2bd9fcd7b4
  React-RCTWebSocket: 7cd2c8d0f8ddd680dc76404defba7ab1f56b83af
  RNDeviceInfo: e7c5fcde13d40e161d8a27f6c5dc69c638936002
  RNGestureHandler: 8f09cd560f8d533eb36da5a6c5a843af9f056b38
  RNGoogleSignin: ccf71ee4b6cfd324fd788a41e457e2043838c0d9
  RNSentry: 9c9783b13fb5cba387fff55f085cc1da3854ce71
  RNVectorIcons: 0bb4def82230be1333ddaeee9fcba45f0b288ed4
  Sentry: 14bdd673870e8cf64932b149fad5bbbf39a9b390
  yoga: 5079887aa3e4c62142d6bcee493022643ee4d730

PODFILE CHECKSUM: 57dd4b619bd35a42ac597f5ee0cef08b302b48c5

COCOAPODS: 1.9.2
